
Microsoft Visual Studio Solution File, Format Version 12.00
# Visual Studio Version 17
VisualStudioVersion = 17.1.32421.90
MinimumVisualStudioVersion = 10.0.40219.1
Project("{8BC9CEB8-8B4A-11D0-8D11-00A0C91BC942}") = "AutumnNights", "AutumnNights\AutumnNights.vcxproj", "{EC37CC7E-85DD-4D0E-ACB0-C3D7DE32EA15}"
EndProject
Global
	GlobalSection(SolutionConfigurationPlatforms) = preSolution
		Debug|x64 = Debug|x64
		Debug|x86 = Debug|x86
		Release|x64 = Release|x64
		Release|x86 = Release|x86
	EndGlobalSection
	GlobalSection(ProjectConfigurationPlatforms) = postSolution
		{EC37CC7E-85DD-4D0E-ACB0-C3D7DE32EA15}.Debug|x64.ActiveCfg = Debug|x64
		{EC37CC7E-85DD-4D0E-ACB0-C3D7DE32EA15}.Debug|x64.Build.0 = Debug|x64
		{EC37CC7E-85DD-4D0E-ACB0-C3D7DE32EA15}.Debug|x86.ActiveCfg = Debug|Win32
		{EC37CC7E-85DD-4D0E-ACB0-C3D7DE32EA15}.Debug|x86.Build.0 = Debug|Win32
		{EC37CC7E-85DD-4D0E-ACB0-C3D7DE32EA15}.Release|x64.ActiveCfg = Release|x64
		{EC37CC7E-85DD-4D0E-ACB0-C3D7DE32EA15}.Release|x64.Build.0 = Release|x64
		{EC37CC7E-85DD-4D0E-ACB0-C3D7DE32EA15}.Release|x86.ActiveCfg = Release|Win32
		{EC37CC7E-85DD-4D0E-ACB0-C3D7DE32EA15}.Release|x86.Build.0 = Release|Win32
	EndGlobalSection
	GlobalSection(SolutionProperties) = preSolution
		HideSolutionNode = FALSE
	EndGlobalSection
	GlobalSection(ExtensibilityGlobals) = postSolution
		SolutionGuid = {77475B61-947A-48FE-BA1A-A741C5B9CB9D}
	EndGlobalSection
EndGlobal
